
Microsoft Visual Studio Solution File, Format Version 12.00
# Visual Studio 15
VisualStudioVersion = 15.0.28010.2036
MinimumVisualStudioVersion = 10.0.40219.1
Project("{8BC9CEB8-8B4A-11D0-8D11-00A0C91BC942}") = "Computer_graphics_with_openGL", "Computer_graphics_with_openGL\Computer_graphics_with_openGL.vcxproj", "{F7EFBD09-16E3-4B93-8552-596D99A8E430}"
EndProject
Global
	GlobalSection(SolutionConfigurationPlatforms) = preSolution
		Debug|x64 = Debug|x64
		Debug|x86 = Debug|x86
		Release|x64 = Release|x64
		Release|x86 = Release|x86
	EndGlobalSection
	GlobalSection(ProjectConfigurationPlatforms) = postSolution
		{F7EFBD09-16E3-4B93-8552-596D99A8E430}.Debug|x64.ActiveCfg = Debug|x64
		{F7EFBD09-16E3-4B93-8552-596D99A8E430}.Debug|x64.Build.0 = Debug|x64
		{F7EFBD09-16E3-4B93-8552-596D99A8E430}.Debug|x86.ActiveCfg = Debug|Win32
		{F7EFBD09-16E3-4B93-8552-596D99A8E430}.Debug|x86.Build.0 = Debug|Win32
		{F7EFBD09-16E3-4B93-8552-596D99A8E430}.Release|x64.ActiveCfg = Release|x64
		{F7EFBD09-16E3-4B93-8552-596D99A8E430}.Release|x64.Build.0 = Release|x64
		{F7EFBD09-16E3-4B93-8552-596D99A8E430}.Release|x86.ActiveCfg = Release|Win32
		{F7EFBD09-16E3-4B93-8552-596D99A8E430}.Release|x86.Build.0 = Release|Win32
	EndGlobalSection
	GlobalSection(SolutionProperties) = preSolution
		HideSolutionNode = FALSE
	EndGlobalSection
	GlobalSection(ExtensibilityGlobals) = postSolution
		SolutionGuid = {FF9C92F4-3E29-4A30-8F7B-8F5B3E667F40}
	EndGlobalSection
EndGlobal
